
Microsoft Visual Studio Solution File, Format Version 12.00
# Visual Studio Version 17
VisualStudioVersion = 17.5.33530.505
MinimumVisualStudioVersion = 10.0.40219.1
Project("{FAE04EC0-301F-11D3-BF4B-00C04F79EFBC}") = "OpenSilverApplication129.Browser", "OpenSilverApplication129.Browser\OpenSilverApplication129.Browser.csproj", "{1CDB4C0E-9679-4BBB-A04B-682E8CFED0CE}"
EndProject
Project("{FAE04EC0-301F-11D3-BF4B-00C04F79EFBC}") = "OpenSilverApplication129", "OpenSilverApplication129\OpenSilverApplication129.csproj", "{2564EC1E-135B-4397-BA68-5709398225D5}"
EndProject
Project("{FAE04EC0-301F-11D3-BF4B-00C04F79EFBC}") = "OpenSilverApplication129.Simulator", "OpenSilverApplication129.Simulator\OpenSilverApplication129.Simulator.csproj", "{16EF595B-44C8-46D1-A3A4-1F3243EEF514}"
EndProject
Global
	GlobalSection(SolutionConfigurationPlatforms) = preSolution
		Debug|Any CPU = Debug|Any CPU
		Release|Any CPU = Release|Any CPU
	EndGlobalSection
	GlobalSection(ProjectConfigurationPlatforms) = postSolution
		{1CDB4C0E-9679-4BBB-A04B-682E8CFED0CE}.Debug|Any CPU.ActiveCfg = Debug|Any CPU
		{1CDB4C0E-9679-4BBB-A04B-682E8CFED0CE}.Debug|Any CPU.Build.0 = Debug|Any CPU
		{1CDB4C0E-9679-4BBB-A04B-682E8CFED0CE}.Release|Any CPU.ActiveCfg = Release|Any CPU
		{1CDB4C0E-9679-4BBB-A04B-682E8CFED0CE}.Release|Any CPU.Build.0 = Release|Any CPU
		{2564EC1E-135B-4397-BA68-5709398225D5}.Debug|Any CPU.ActiveCfg = Debug|Any CPU
		{2564EC1E-135B-4397-BA68-5709398225D5}.Debug|Any CPU.Build.0 = Debug|Any CPU
		{2564EC1E-135B-4397-BA68-5709398225D5}.Release|Any CPU.ActiveCfg = Release|Any CPU
		{2564EC1E-135B-4397-BA68-5709398225D5}.Release|Any CPU.Build.0 = Release|Any CPU
		{16EF595B-44C8-46D1-A3A4-1F3243EEF514}.Debug|Any CPU.ActiveCfg = Debug|Any CPU
		{16EF595B-44C8-46D1-A3A4-1F3243EEF514}.Debug|Any CPU.Build.0 = Debug|Any CPU
		{16EF595B-44C8-46D1-A3A4-1F3243EEF514}.Release|Any CPU.ActiveCfg = Release|Any CPU
		{16EF595B-44C8-46D1-A3A4-1F3243EEF514}.Release|Any CPU.Build.0 = Release|Any CPU
	EndGlobalSection
	GlobalSection(SolutionProperties) = preSolution
		HideSolutionNode = FALSE
	EndGlobalSection
	GlobalSection(ExtensibilityGlobals) = postSolution
		SolutionGuid = {66FB3733-75D3-4695-A9A7-2065D0856F7B}
	EndGlobalSection
EndGlobal
